
Microsoft Visual Studio Solution File, Format Version 12.00
# Visual Studio 15
VisualStudioVersion = 15.0.28307.757
MinimumVisualStudioVersion = 10.0.40219.1
Project("{FAE04EC0-301F-11D3-BF4B-00C04F79EFBC}") = "INFT3050Assig", "INFT3050Assig\INFT3050Assig.csproj", "{980C9F83-5ED3-47DE-A091-B790BC4EBF54}"
EndProject
Global
	GlobalSection(SolutionConfigurationPlatforms) = preSolution
		Debug|Any CPU = Debug|Any CPU
		Release|Any CPU = Release|Any CPU
	EndGlobalSection
	GlobalSection(ProjectConfigurationPlatforms) = postSolution
		{980C9F83-5ED3-47DE-A091-B790BC4EBF54}.Debug|Any CPU.ActiveCfg = Debug|Any CPU
		{980C9F83-5ED3-47DE-A091-B790BC4EBF54}.Debug|Any CPU.Build.0 = Debug|Any CPU
		{980C9F83-5ED3-47DE-A091-B790BC4EBF54}.Release|Any CPU.ActiveCfg = Release|Any CPU
		{980C9F83-5ED3-47DE-A091-B790BC4EBF54}.Release|Any CPU.Build.0 = Release|Any CPU
	EndGlobalSection
	GlobalSection(SolutionProperties) = preSolution
		HideSolutionNode = FALSE
	EndGlobalSection
	GlobalSection(ExtensibilityGlobals) = postSolution
		SolutionGuid = {7B2B2B9C-3408-4AF4-A80E-19BB801887C8}
	EndGlobalSection
EndGlobal
